
Microsoft Visual Studio Solution File, Format Version 12.00
# Visual Studio 14
VisualStudioVersion = 14.0.25420.1
MinimumVisualStudioVersion = 10.0.40219.1
Project("{FAE04EC0-301F-11D3-BF4B-00C04F79EFBC}") = "WcfService", "WcfService\WcfService.csproj", "{8483D143-2111-44CA-9924-6D4186AE3D5D}"
EndProject
Project("{FAE04EC0-301F-11D3-BF4B-00C04F79EFBC}") = "Calculadora", "Calculadora\Calculadora.csproj", "{EEDF9E76-2A6D-458A-AFB2-49B260158BCB}"
	ProjectSection(ProjectDependencies) = postProject
		{8483D143-2111-44CA-9924-6D4186AE3D5D} = {8483D143-2111-44CA-9924-6D4186AE3D5D}
	EndProjectSection
EndProject
Global
	GlobalSection(SolutionConfigurationPlatforms) = preSolution
		Debug|Any CPU = Debug|Any CPU
		Release|Any CPU = Release|Any CPU
	EndGlobalSection
	GlobalSection(ProjectConfigurationPlatforms) = postSolution
		{8483D143-2111-44CA-9924-6D4186AE3D5D}.Debug|Any CPU.ActiveCfg = Debug|Any CPU
		{8483D143-2111-44CA-9924-6D4186AE3D5D}.Debug|Any CPU.Build.0 = Debug|Any CPU
		{8483D143-2111-44CA-9924-6D4186AE3D5D}.Release|Any CPU.ActiveCfg = Release|Any CPU
		{8483D143-2111-44CA-9924-6D4186AE3D5D}.Release|Any CPU.Build.0 = Release|Any CPU
		{EEDF9E76-2A6D-458A-AFB2-49B260158BCB}.Debug|Any CPU.ActiveCfg = Debug|Any CPU
		{EEDF9E76-2A6D-458A-AFB2-49B260158BCB}.Debug|Any CPU.Build.0 = Debug|Any CPU
		{EEDF9E76-2A6D-458A-AFB2-49B260158BCB}.Release|Any CPU.ActiveCfg = Release|Any CPU
		{EEDF9E76-2A6D-458A-AFB2-49B260158BCB}.Release|Any CPU.Build.0 = Release|Any CPU
	EndGlobalSection
	GlobalSection(SolutionProperties) = preSolution
		HideSolutionNode = FALSE
	EndGlobalSection
EndGlobal
